
Microsoft Visual Studio Solution File, Format Version 12.00
# Visual Studio Version 16
VisualStudioVersion = 16.0.33328.57
MinimumVisualStudioVersion = 10.0.40219.1
Project("{FAE04EC0-301F-11D3-BF4B-00C04F79EFBC}") = "TestWebApp", "TestWebApp\TestWebApp.csproj", "{A3FA1BE9-A95C-4A86-BE25-C37A9A2AE135}"
EndProject
Global
	GlobalSection(SolutionConfigurationPlatforms) = preSolution
		Debug|Any CPU = Debug|Any CPU
		Release|Any CPU = Release|Any CPU
	EndGlobalSection
	GlobalSection(ProjectConfigurationPlatforms) = postSolution
		{A3FA1BE9-A95C-4A86-BE25-C37A9A2AE135}.Debug|Any CPU.ActiveCfg = Debug|Any CPU
		{A3FA1BE9-A95C-4A86-BE25-C37A9A2AE135}.Debug|Any CPU.Build.0 = Debug|Any CPU
		{A3FA1BE9-A95C-4A86-BE25-C37A9A2AE135}.Release|Any CPU.ActiveCfg = Release|Any CPU
		{A3FA1BE9-A95C-4A86-BE25-C37A9A2AE135}.Release|Any CPU.Build.0 = Release|Any CPU
	EndGlobalSection
	GlobalSection(SolutionProperties) = preSolution
		HideSolutionNode = FALSE
	EndGlobalSection
	GlobalSection(ExtensibilityGlobals) = postSolution
		SolutionGuid = {26213231-3926-4E81-B9DA-7556A6745FAA}
	EndGlobalSection
EndGlobal
